// !$*UTF8*$!
{
	archiveVersion = 1;
	classes = {
	};
	objectVersion = 46;
	objects = {

/* Begin PBXBuildFile section */
		6E75E2E0198D8C7A0089464E /* Foundation.framework in Frameworks */ = {isa = PBXBuildFile; fileRef = 6E75E2DF198D8C7A0089464E /* Foundation.framework */; };
		6E75E2E2198D8C7A0089464E /* CoreGraphics.framework in Frameworks */ = {isa = PBXBuildFile; fileRef = 6E75E2E1198D8C7A0089464E /* CoreGraphics.framework */; };
		6E75E2E4198D8C7A0089464E /* UIKit.framework in Frameworks */ = {isa = PBXBuildFile; fileRef = 6E75E2E3198D8C7A0089464E /* UIKit.framework */; };
		6E75E2EA198D8C7A0089464E /* InfoPlist.strings in Resources */ = {isa = PBXBuildFile; fileRef = 6E75E2E8198D8C7A0089464E /* InfoPlist.strings */; };
		6E75E2EC198D8C7A0089464E /* main.m in Sources */ = {isa = PBXBuildFile; fileRef = 6E75E2EB198D8C7A0089464E /* main.m */; };
		6E75E2F0198D8C7A0089464E /* AppDelegate.m in Sources */ = {isa = PBXBuildFile; fileRef = 6E75E2EF198D8C7A0089464E /* AppDelegate.m */; };
		6E75E2F2198D8C7A0089464E /* Images.xcassets in Resources */ = {isa = PBXBuildFile; fileRef = 6E75E2F1198D8C7A0089464E /* Images.xcassets */; };
		6E75E2F9198D8C7A0089464E /* XCTest.framework in Frameworks */ = {isa = PBXBuildFile; fileRef = 6E75E2F8198D8C7A0089464E /* XCTest.framework */; };
		6E75E2FA198D8C7A0089464E /* Foundation.framework in Frameworks */ = {isa = PBXBuildFile; fileRef = 6E75E2DF198D8C7A0089464E /* Foundation.framework */; };
		6E75E2FB198D8C7A0089464E /* UIKit.framework in Frameworks */ = {isa = PBXBuildFile; fileRef = 6E75E2E3198D8C7A0089464E /* UIKit.framework */; };
		6E75E303198D8C7A0089464E /* InfoPlist.strings in Resources */ = {isa = PBXBuildFile; fileRef = 6E75E301198D8C7A0089464E /* InfoPlist.strings */; };
		6E75E305198D8C7A0089464E /* todolistTests.m in Sources */ = {isa = PBXBuildFile; fileRef = 6E75E304198D8C7A0089464E /* todolistTests.m */; };
		6E75E30F198D8D5A0089464E /* main.storyboard in Resources */ = {isa = PBXBuildFile; fileRef = 6E75E30E198D8D5A0089464E /* main.storyboard */; };
/* End PBXBuildFile section */

/* Begin PBXContainerItemProxy section */
		6E75E2FC198D8C7A0089464E /* PBXContainerItemProxy */ = {
			isa = PBXContainerItemProxy;
			containerPortal = 6E75E2D4198D8C7A0089464E /* Project object */;
			proxyType = 1;
			remoteGlobalIDString = 6E75E2DB198D8C7A0089464E;
			remoteInfo = todolist;
		};
/* End PBXContainerItemProxy section */

/* Begin PBXFileReference section */
		6E75E2DC198D8C7A0089464E /* todolist.app */ = {isa = PBXFileReference; explicitFileType = wrapper.application; includeInIndex = 0; path = todolist.app; sourceTree = BUILT_PRODUCTS_DIR; };
		6E75E2DF198D8C7A0089464E /* Foundation.framework */ = {isa = PBXFileReference; lastKnownFileType = wrapper.framework; name = Foundation.framework; path = System/Library/Frameworks/Foundation.framework; sourceTree = SDKROOT; };
		6E75E2E1198D8C7A0089464E /* CoreGraphics.framework */ = {isa = PBXFileReference; lastKnownFileType = wrapper.framework; name = CoreGraphics.framework; path = System/Library/Frameworks/CoreGraphics.framework; sourceTree = SDKROOT; };
		6E75E2E3198D8C7A0089464E /* UIKit.framework */ = {isa = PBXFileReference; lastKnownFileType = wrapper.framework; name = UIKit.framework; path = System/Library/Frameworks/UIKit.framework; sourceTree = SDKROOT; };
		6E75E2E7198D8C7A0089464E /* todolist-Info.plist */ = {isa = PBXFileReference; lastKnownFileType = text.plist.xml; path = "todolist-Info.plist"; sourceTree = "<group>"; };
		6E75E2E9198D8C7A0089464E /* en */ = {isa = PBXFileReference; lastKnownFileType = text.plist.strings; name = en; path = en.lproj/InfoPlist.strings; sourceTree = "<group>"; };
		6E75E2EB198D8C7A0089464E /* main.m */ = {isa = PBXFileReference; lastKnownFileType = sourcecode.c.objc; path = main.m; sourceTree = "<group>"; };
		6E75E2ED198D8C7A0089464E /* todolist-Prefix.pch */ = {isa = PBXFileReference; lastKnownFileType = sourcecode.c.h; path = "todolist-Prefix.pch"; sourceTree = "<group>"; };
		6E75E2EE198D8C7A0089464E /* AppDelegate.h */ = {isa = PBXFileReference; lastKnownFileType = sourcecode.c.h; path = AppDelegate.h; sourceTree = "<group>"; };
		6E75E2EF198D8C7A0089464E /* AppDelegate.m */ = {isa = PBXFileReference; lastKnownFileType = sourcecode.c.objc; path = AppDelegate.m; sourceTree = "<group>"; };
		6E75E2F1198D8C7A0089464E /* Images.xcassets */ = {isa = PBXFileReference; lastKnownFileType = folder.assetcatalog; path = Images.xcassets; sourceTree = "<group>"; };
		6E75E2F7198D8C7A0089464E /* todolistTests.xctest */ = {isa = PBXFileReference; explicitFileType = wrapper.cfbundle; includeInIndex = 0; path = todolistTests.xctest; sourceTree = BUILT_PRODUCTS_DIR; };
		6E75E2F8198D8C7A0089464E /* XCTest.framework */ = {isa = PBXFileReference; lastKnownFileType = wrapper.framework; name = XCTest.framework; path = Library/Frameworks/XCTest.framework; sourceTree = DEVELOPER_DIR; };
		6E75E300198D8C7A0089464E /* todolistTests-Info.plist */ = {isa = PBXFileReference; lastKnownFileType = text.plist.xml; path = "todolistTests-Info.plist"; sourceTree = "<group>"; };
		6E75E302198D8C7A0089464E /* en */ = {isa = PBXFileReference; lastKnownFileType = text.plist.strings; name = en; path = en.lproj/InfoPlist.strings; sourceTree = "<group>"; };
		6E75E304198D8C7A0089464E /* todolistTests.m */ = {isa = PBXFileReference; lastKnownFileType = sourcecode.c.objc; path = todolistTests.m; sourceTree = "<group>"; };
		6E75E30E198D8D5A0089464E /* main.storyboard */ = {isa = PBXFileReference; fileEncoding = 4; lastKnownFileType = file.storyboard; path = main.storyboard; sourceTree = "<group>"; };
/* End PBXFileReference section */

/* Begin PBXFrameworksBuildPhase section */
		6E75E2D9198D8C7A0089464E /* Frameworks */ = {
			isa = PBXFrameworksBuildPhase;
			buildActionMask = 2147483647;
			files = (
				6E75E2E2198D8C7A0089464E /* CoreGraphics.framework in Frameworks */,
				6E75E2E4198D8C7A0089464E /* UIKit.framework in Frameworks */,
				6E75E2E0198D8C7A0089464E /* Foundation.framework in Frameworks */,
			);
			runOnlyForDeploymentPostprocessing = 0;
		};
		6E75E2F4198D8C7A0089464E /* Frameworks */ = {
			isa = PBXFrameworksBuildPhase;
			buildActionMask = 2147483647;
			files = (
				6E75E2F9198D8C7A0089464E /* XCTest.framework in Frameworks */,
				6E75E2FB198D8C7A0089464E /* UIKit.framework in Frameworks */,
				6E75E2FA198D8C7A0089464E /* Foundation.framework in Frameworks */,
			);
			runOnlyForDeploymentPostprocessing = 0;
		};
/* End PBXFrameworksBuildPhase section */

/* Begin PBXGroup section */
		6E75E2D3198D8C7A0089464E = {
			isa = PBXGroup;
			children = (
				6E75E2E5198D8C7A0089464E /* todolist */,
				6E75E2FE198D8C7A0089464E /* todolistTests */,
				6E75E2DE198D8C7A0089464E /* Frameworks */,
				6E75E2DD198D8C7A0089464E /* Products */,
			);
			sourceTree = "<group>";
		};
		6E75E2DD198D8C7A0089464E /* Products */ = {
			isa = PBXGroup;
			children = (
				6E75E2DC198D8C7A0089464E /* todolist.app */,
				6E75E2F7198D8C7A0089464E /* todolistTests.xctest */,
			);
			name = Products;
			sourceTree = "<group>";
		};
		6E75E2DE198D8C7A0089464E /* Frameworks */ = {
			isa = PBXGroup;
			children = (
				6E75E2DF198D8C7A0089464E /* Foundation.framework */,
				6E75E2E1198D8C7A0089464E /* CoreGraphics.framework */,
				6E75E2E3198D8C7A0089464E /* UIKit.framework */,
				6E75E2F8198D8C7A0089464E /* XCTest.framework */,
			);
			name = Frameworks;
			sourceTree = "<group>";
		};
		6E75E2E5198D8C7A0089464E /* todolist */ = {
			isa = PBXGroup;
			children = (
				6E75E2EE198D8C7A0089464E /* AppDelegate.h */,
				6E75E2EF198D8C7A0089464E /* AppDelegate.m */,
				6E75E30E198D8D5A0089464E /* main.storyboard */,
				6E75E2F1198D8C7A0089464E /* Images.xcassets */,
				6E75E2E6198D8C7A0089464E /* Supporting Files */,
			);
			path = todolist;
			sourceTree = "<group>";
		};
		6E75E2E6198D8C7A0089464E /* Supporting Files */ = {
			isa = PBXGroup;
			children = (
				6E75E2E7198D8C7A0089464E /* todolist-Info.plist */,
				6E75E2E8198D8C7A0089464E /* InfoPlist.strings */,
				6E75E2EB198D8C7A0089464E /* main.m */,
				6E75E2ED198D8C7A0089464E /* todolist-Prefix.pch */,
			);
			name = "Supporting Files";
			sourceTree = "<group>";
		};
		6E75E2FE198D8C7A0089464E /* todolistTests */ = {
			isa = PBXGroup;
			children = (
				6E75E304198D8C7A0089464E /* todolistTests.m */,
				6E75E2FF198D8C7A0089464E /* Supporting Files */,
			);
			path = todolistTests;
			sourceTree = "<group>";
		};
		6E75E2FF198D8C7A0089464E /* Supporting Files */ = {
			isa = PBXGroup;
			children = (
				6E75E300198D8C7A0089464E /* todolistTests-Info.plist */,
				6E75E301198D8C7A0089464E /* InfoPlist.strings */,
			);
			name = "Supporting Files";
			sourceTree = "<group>";
		};
/* End PBXGroup section */

/* Begin PBXNativeTarget section */
		6E75E2DB198D8C7A0089464E /* todolist */ = {
			isa = PBXNativeTarget;
			buildConfigurationList = 6E75E308198D8C7A0089464E /* Build configuration list for PBXNativeTarget "todolist" */;
			buildPhases = (
				6E75E2D8198D8C7A0089464E /* Sources */,
				6E75E2D9198D8C7A0089464E /* Frameworks */,
				6E75E2DA198D8C7A0089464E /* Resources */,
			);
			buildRules = (
			);
			dependencies = (
			);
			name = todolist;
			productName = todolist;
			productReference = 6E75E2DC198D8C7A0089464E /* todolist.app */;
			productType = "com.apple.product-type.application";
		};
		6E75E2F6198D8C7A0089464E /* todolistTests */ = {
			isa = PBXNativeTarget;
			buildConfigurationList = 6E75E30B198D8C7A0089464E /* Build configuration list for PBXNativeTarget "todolistTests" */;
			buildPhases = (
				6E75E2F3198D8C7A0089464E /* Sources */,
				6E75E2F4198D8C7A0089464E /* Frameworks */,
				6E75E2F5198D8C7A0089464E /* Resources */,
			);
			buildRules = (
			);
			dependencies = (
				6E75E2FD198D8C7A0089464E /* PBXTargetDependency */,
			);
			name = todolistTests;
			productName = todolistTests;
			productReference = 6E75E2F7198D8C7A0089464E /* todolistTests.xctest */;
			productType = "com.apple.product-type.bundle.unit-test";
		};
/* End PBXNativeTarget section */

/* Begin PBXProject section */
		6E75E2D4198D8C7A0089464E /* Project object */ = {
			isa = PBXProject;
			attributes = {
				LastUpgradeCheck = 0510;
				TargetAttributes = {
					6E75E2F6198D8C7A0089464E = {
						TestTargetID = 6E75E2DB198D8C7A0089464E;
					};
				};
			};
			buildConfigurationList = 6E75E2D7198D8C7A0089464E /* Build configuration list for PBXProject "todolist" */;
			compatibilityVersion = "Xcode 3.2";
			developmentRegion = English;
			hasScannedForEncodings = 0;
			knownRegions = (
				en,
			);
			mainGroup = 6E75E2D3198D8C7A0089464E;
			productRefGroup = 6E75E2DD198D8C7A0089464E /* Products */;
			projectDirPath = "";
			projectRoot = "";
			targets = (
				6E75E2DB198D8C7A0089464E /* todolist */,
				6E75E2F6198D8C7A0089464E /* todolistTests */,
			);
		};
/* End PBXProject section */

/* Begin PBXResourcesBuildPhase section */
		6E75E2DA198D8C7A0089464E /* Resources */ = {
			isa = PBXResourcesBuildPhase;
			buildActionMask = 2147483647;
			files = (
				6E75E2EA198D8C7A0089464E /* InfoPlist.strings in Resources */,
				6E75E30F198D8D5A0089464E /* main.storyboard in Resources */,
				6E75E2F2198D8C7A0089464E /* Images.xcassets in Resources */,
			);
			runOnlyForDeploymentPostprocessing = 0;
		};
		6E75E2F5198D8C7A0089464E /* Resources */ = {
			isa = PBXResourcesBuildPhase;
			buildActionMask = 2147483647;
			files = (
				6E75E303198D8C7A0089464E /* InfoPlist.strings in Resources */,
			);
			runOnlyForDeploymentPostprocessing = 0;
		};
/* End PBXResourcesBuildPhase section */

/* Begin PBXSourcesBuildPhase section */
		6E75E2D8198D8C7A0089464E /* Sources */ = {
			isa = PBXSourcesBuildPhase;
			buildActionMask = 2147483647;
			files = (
				6E75E2F0198D8C7A0089464E /* AppDelegate.m in Sources */,
				6E75E2EC198D8C7A0089464E /* main.m in Sources */,
			);
			runOnlyForDeploymentPostprocessing = 0;
		};
		6E75E2F3198D8C7A0089464E /* Sources */ = {
			isa = PBXSourcesBuildPhase;
			buildActionMask = 2147483647;
			files = (
				6E75E305198D8C7A0089464E /* todolistTests.m in Sources */,
			);
			runOnlyForDeploymentPostprocessing = 0;
		};
/* End PBXSourcesBuildPhase section */

/* Begin PBXTargetDependency section */
		6E75E2FD198D8C7A0089464E /* PBXTargetDependency */ = {
			isa = PBXTargetDependency;
			target = 6E75E2DB198D8C7A0089464E /* todolist */;
			targetProxy = 6E75E2FC198D8C7A0089464E /* PBXContainerItemProxy */;
		};
/* End PBXTargetDependency section */

/* Begin PBXVariantGroup section */
		6E75E2E8198D8C7A0089464E /* InfoPlist.strings */ = {
			isa = PBXVariantGroup;
			children = (
				6E75E2E9198D8C7A0089464E /* en */,
			);
			name = InfoPlist.strings;
			sourceTree = "<group>";
		};
		6E75E301198D8C7A0089464E /* InfoPlist.strings */ = {
			isa = PBXVariantGroup;
			children = (
				6E75E302198D8C7A0089464E /* en */,
			);
			name = InfoPlist.strings;
			sourceTree = "<group>";
		};
/* End PBXVariantGroup section */

/* Begin XCBuildConfiguration section */
		6E75E306198D8C7A0089464E /* Debug */ = {
			isa = XCBuildConfiguration;
			buildSettings = {
				ALWAYS_SEARCH_USER_PATHS = NO;
				CLANG_CXX_LANGUAGE_STANDARD = "gnu++0x";
				CLANG_CXX_LIBRARY = "libc++";
				CLANG_ENABLE_MODULES = YES;
				CLANG_ENABLE_OBJC_ARC = YES;
				CLANG_WARN_BOOL_CONVERSION = YES;
				CLANG_WARN_CONSTANT_CONVERSION = YES;
				CLANG_WARN_DIRECT_OBJC_ISA_USAGE = YES_ERROR;
				CLANG_WARN_EMPTY_BODY = YES;
				CLANG_WARN_ENUM_CONVERSION = YES;
				CLANG_WARN_INT_CONVERSION = YES;
				CLANG_WARN_OBJC_ROOT_CLASS = YES_ERROR;
				CLANG_WARN__DUPLICATE_METHOD_MATCH = YES;
				"CODE_SIGN_IDENTITY[sdk=iphoneos*]" = "iPhone Developer";
				COPY_PHASE_STRIP = NO;
				GCC_C_LANGUAGE_STANDARD = gnu99;
				GCC_DYNAMIC_NO_PIC = NO;
				GCC_OPTIMIZATION_LEVEL = 0;
				GCC_PREPROCESSOR_DEFINITIONS = (
					"DEBUG=1",
					"$(inherited)",
				);
				GCC_SYMBOLS_PRIVATE_EXTERN = NO;
				GCC_WARN_64_TO_32_BIT_CONVERSION = YES;
				GCC_WARN_ABOUT_RETURN_TYPE = YES_ERROR;
				GCC_WARN_UNDECLARED_SELECTOR = YES;
				GCC_WARN_UNINITIALIZED_AUTOS = YES_AGGRESSIVE;
				GCC_WARN_UNUSED_FUNCTION = YES;
				GCC_WARN_UNUSED_VARIABLE = YES;
				IPHONEOS_DEPLOYMENT_TARGET = 7.1;
				ONLY_ACTIVE_ARCH = YES;
				SDKROOT = iphoneos;
				TARGETED_DEVICE_FAMILY = "1,2";
			};
			name = Debug;
		};
		6E75E307198D8C7A0089464E /* Release */ = {
			isa = XCBuildConfiguration;
			buildSettings = {
				ALWAYS_SEARCH_USER_PATHS = NO;
				CLANG_CXX_LANGUAGE_STANDARD = "gnu++0x";
				CLANG_CXX_LIBRARY = "libc++";
				CLANG_ENABLE_MODULES = YES;
				CLANG_ENABLE_OBJC_ARC = YES;
				CLANG_WARN_BOOL_CONVERSION = YES;
				CLANG_WARN_CONSTANT_CONVERSION = YES;
				CLANG_WARN_DIRECT_OBJC_ISA_USAGE = YES_ERROR;
				CLANG_WARN_EMPTY_BODY = YES;
				CLANG_WARN_ENUM_CONVERSION = YES;
				CLANG_WARN_INT_CONVERSION = YES;
				CLANG_WARN_OBJC_ROOT_CLASS = YES_ERROR;
				CLANG_WARN__DUPLICATE_METHOD_MATCH = YES;
				"CODE_SIGN_IDENTITY[sdk=iphoneos*]" = "iPhone Developer";
				COPY_PHASE_STRIP = YES;
				ENABLE_NS_ASSERTIONS = NO;
				GCC_C_LANGUAGE_STANDARD = gnu99;
				GCC_WARN_64_TO_32_BIT_CONVERSION = YES;
				GCC_WARN_ABOUT_RETURN_TYPE = YES_ERROR;
				GCC_WARN_UNDECLARED_SELECTOR = YES;
				GCC_WARN_UNINITIALIZED_AUTOS = YES_AGGRESSIVE;
				GCC_WARN_UNUSED_FUNCTION = YES;
				GCC_WARN_UNUSED_VARIABLE = YES;
				IPHONEOS_DEPLOYMENT_TARGET = 7.1;
				SDKROOT = iphoneos;
				TARGETED_DEVICE_FAMILY = "1,2";
				VALIDATE_PRODUCT = YES;
			};
			name = Release;
		};
		6E75E309198D8C7A0089464E /* Debug */ = {
			isa = XCBuildConfiguration;
			buildSettings = {
				ASSETCATALOG_COMPILER_APPICON_NAME = AppIcon;
				ASSETCATALOG_COMPILER_LAUNCHIMAGE_NAME = LaunchImage;
				GCC_PRECOMPILE_PREFIX_HEADER = YES;
				GCC_PREFIX_HEADER = "todolist/todolist-Prefix.pch";
				INFOPLIST_FILE = "todolist/todolist-Info.plist";
				PRODUCT_NAME = "$(TARGET_NAME)";
				WRAPPER_EXTENSION = app;
			};
			name = Debug;
		};
		6E75E30A198D8C7A0089464E /* Release */ = {
			isa = XCBuildConfiguration;
			buildSettings = {
				ASSETCATALOG_COMPILER_APPICON_NAME = AppIcon;
				ASSETCATALOG_COMPILER_LAUNCHIMAGE_NAME = LaunchImage;
				GCC_PRECOMPILE_PREFIX_HEADER = YES;
				GCC_PREFIX_HEADER = "todolist/todolist-Prefix.pch";
				INFOPLIST_FILE = "todolist/todolist-Info.plist";
				PRODUCT_NAME = "$(TARGET_NAME)";
				WRAPPER_EXTENSION = app;
			};
			name = Release;
		};
		6E75E30C198D8C7A0089464E /* Debug */ = {
			isa = XCBuildConfiguration;
			buildSettings = {
				BUNDLE_LOADER = "$(BUILT_PRODUCTS_DIR)/todolist.app/todolist";
				FRAMEWORK_SEARCH_PATHS = (
					"$(SDKROOT)/Developer/Library/Frameworks",
					"$(inherited)",
					"$(DEVELOPER_FRAMEWORKS_DIR)",
				);
				GCC_PRECOMPILE_PREFIX_HEADER = YES;
				GCC_PREFIX_HEADER = "todolist/todolist-Prefix.pch";
				GCC_PREPROCESSOR_DEFINITIONS = (
					"DEBUG=1",
					"$(inherited)",
				);
				INFOPLIST_FILE = "todolistTests/todolistTests-Info.plist";
				PRODUCT_NAME = "$(TARGET_NAME)";
				TEST_HOST = "$(BUNDLE_LOADER)";
				WRAPPER_EXTENSION = xctest;
			};
			name = Debug;
		};
		6E75E30D198D8C7A0089464E /* Release */ = {
			isa = XCBuildConfiguration;
			buildSettings = {
				BUNDLE_LOADER = "$(BUILT_PRODUCTS_DIR)/todolist.app/todolist";
				FRAMEWORK_SEARCH_PATHS = (
					"$(SDKROOT)/Developer/Library/Frameworks",
					"$(inherited)",
					"$(DEVELOPER_FRAMEWORKS_DIR)",
				);
				GCC_PRECOMPILE_PREFIX_HEADER = YES;
				GCC_PREFIX_HEADER = "todolist/todolist-Prefix.pch";
				INFOPLIST_FILE = "todolistTests/todolistTests-Info.plist";
				PRODUCT_NAME = "$(TARGET_NAME)";
				TEST_HOST = "$(BUNDLE_LOADER)";
				WRAPPER_EXTENSION = xctest;
			};
			name = Release;
		};
/* End XCBuildConfiguration section */

/* Begin XCConfigurationList section */
		6E75E2D7198D8C7A0089464E /* Build configuration list for PBXProject "todolist" */ = {
			isa = XCConfigurationList;
			buildConfigurations = (
				6E75E306198D8C7A0089464E /* Debug */,
				6E75E307198D8C7A0089464E /* Release */,
			);
			defaultConfigurationIsVisible = 0;
			defaultConfigurationName = Release;
		};
		6E75E308198D8C7A0089464E /* Build configuration list for PBXNativeTarget "todolist" */ = {
			isa = XCConfigurationList;
			buildConfigurations = (
				6E75E309198D8C7A0089464E /* Debug */,
				6E75E30A198D8C7A0089464E /* Release */,
			);
			defaultConfigurationIsVisible = 0;
		};
		6E75E30B198D8C7A0089464E /* Build configuration list for PBXNativeTarget "todolistTests" */ = {
			isa = XCConfigurationList;
			buildConfigurations = (
				6E75E30C198D8C7A0089464E /* Debug */,
				6E75E30D198D8C7A0089464E /* Release */,
			);
			defaultConfigurationIsVisible = 0;
		};
/* End XCConfigurationList section */
	};
	rootObject = 6E75E2D4198D8C7A0089464E /* Project object */;
}
